{
    "name": "protoplus",
    "version": "1.4.1",
    "lockfileVersion": 2,
    "requires": true,
    "packages": {
        "": {
            "name": "protoplus",
            "version": "1.4.1",
            "license": "GNU AGPL v3",
            "dependencies": {
                "@prettier/sync": "^0.6.1",
                "prettier": "^3.9.4"
            }
        },
        "node_modules/@prettier/sync": {
            "version": "0.6.1",
            "resolved": "https://registry.npmjs.org/@prettier/sync/-/sync-0.6.1.tgz",
            "integrity": "sha512-yF9G8vK/LYUTF3Cijd7VC9La3b20F20/J/fgoR4H0B8JGOWnZVZX6+I6+vODPosjmMcpdlUV+gUqJQZp3kLOcw==",
            "license": "MIT",
            "dependencies": {
                "make-synchronized": "^0.8.0"
            },
            "funding": {
                "url": "https://github.com/prettier/prettier-synchronized?sponsor=1"
            },
            "peerDependencies": {
                "prettier": "*"
            }
        },
        "node_modules/make-synchronized": {
            "version": "0.8.0",
            "resolved": "https://registry.npmjs.org/make-synchronized/-/make-synchronized-0.8.0.tgz",
            "integrity": "sha512-DZu4lwc0ffoFz581BSQa/BJl+1ZqIkoRQ+VejMlH0VrP4E86StAODnZujZ4sepumQj8rcP7wUnUBGM8Gu+zKUA==",
            "license": "MIT",
            "funding": {
                "url": "https://github.com/fisker/make-synchronized?sponsor=1"
            }
        },
        "node_modules/prettier": {
            "version": "3.9.4",
            "resolved": "https://registry.npmjs.org/prettier/-/prettier-3.9.4.tgz",
            "integrity": "sha512-yWG/o/4oJfo036EKAfK6ACAoDOfHeRHx4tuxkfBZiauURiaSmYwlpOr5LQqKtIkRD2z1PLteme2WoxEnj4tHTg==",
            "license": "MIT",
            "bin": {
                "prettier": "bin/prettier.cjs"
            },
            "engines": {
                "node": ">=14"
            },
            "funding": {
                "url": "https://github.com/prettier/prettier?sponsor=1"
            }
        }
    },
    "dependencies": {
        "@prettier/sync": {
            "version": "0.6.1",
            "resolved": "https://registry.npmjs.org/@prettier/sync/-/sync-0.6.1.tgz",
            "integrity": "sha512-yF9G8vK/LYUTF3Cijd7VC9La3b20F20/J/fgoR4H0B8JGOWnZVZX6+I6+vODPosjmMcpdlUV+gUqJQZp3kLOcw==",
            "requires": {
                "make-synchronized": "^0.8.0"
            }
        },
        "make-synchronized": {
            "version": "0.8.0",
            "resolved": "https://registry.npmjs.org/make-synchronized/-/make-synchronized-0.8.0.tgz",
            "integrity": "sha512-DZu4lwc0ffoFz581BSQa/BJl+1ZqIkoRQ+VejMlH0VrP4E86StAODnZujZ4sepumQj8rcP7wUnUBGM8Gu+zKUA=="
        },
        "prettier": {
            "version": "3.9.4",
            "resolved": "https://registry.npmjs.org/prettier/-/prettier-3.9.4.tgz",
            "integrity": "sha512-yWG/o/4oJfo036EKAfK6ACAoDOfHeRHx4tuxkfBZiauURiaSmYwlpOr5LQqKtIkRD2z1PLteme2WoxEnj4tHTg=="
        }
    }
}
